{
  "version": 4,
  "terraform_version": "0.14.5",
  "serial": 207,
  "lineage": "97c8da1d-7aac-03c3-d062-977d3cb9eeed",
  "outputs": {},
  "resources": [
    {
      "mode": "data",
      "type": "external",
      "name": "oneMinFromNow",
      "provider": "provider[\"registry.terraform.io/hashicorp/external\"]",
      "instances": [
        {
          "schema_version": 0,
          "attributes": {
            "id": "-",
            "program": [
              "node",
              "./timestamp.js"
            ],
            "query": {
              "minsToAdd": "1"
            },
            "result": {
              "time": "1612093851"
            },
            "working_dir": null
          },
          "sensitive_attributes": []
        }
      ]
    },
    {
      "mode": "data",
      "type": "external",
      "name": "threeMinsFromNow",
      "provider": "provider[\"registry.terraform.io/hashicorp/external\"]",
      "instances": [
        {
          "schema_version": 0,
          "attributes": {
            "id": "-",
            "program": [
              "node",
              "./timestamp.js"
            ],
            "query": {
              "minsToAdd": "3"
            },
            "result": {
              "time": "1612093971"
            },
            "working_dir": null
          },
          "sensitive_attributes": []
        }
      ]
    },
    {
      "module": "module.dynamodb_fixtures",
      "mode": "managed",
      "type": "aws_dynamodb_table_item",
      "name": "episode_one",
      "provider": "provider[\"registry.terraform.io/hashicorp/aws\"]",
      "instances": [
        {
          "schema_version": 0,
          "attributes": {
            "hash_key": "GUID",
            "id": "EPISODE|GUID||12345|",
            "item": "{\n  \"GUID\": {\"S\": \"12345\"},\n  \"TITLE\": {\"S\": \"A Guide to Georgia's Senate Runoffs\"},\n  \"AUTHOR\": {\"S\": \"The New York Times\"},\n  \"PODCAST_ID\": {\"S\": \"12345\"},\n  \"PODCAST_TITLE\": {\"S\": \"The Daily\"},\n  \"DESCRIPTION\": {\"S\": \"In three weeks, an election will take place that could be as important as the presidential vote in determining the course of the next four years.\u003c/p\u003e\u003cp\u003eThe Jan. 5 runoff elections in Georgia will determine whether two Republican senators, David Perdue and Kelly Loeffler, keep their seats. If their Democratic challengers, Jon Ossoff and the Rev. Raphael Warnock, both win, Democrats would claim control of the Senate, giving President-Elect Joe Biden expanded power to realize his policy agenda. Today, we offer a guide to the two Senate races in Georgia.\"},\n  \"AUDIO_URL\": {\"S\": \"https://dts.podtrac.com/redirect.mp3/chtbl.com/track/8DB4DB/rss.art19.com/episodes/4fac47c0-7e56-4fa9-a233-f76c90bc55ed.mp3\"},\n  \"PUBLICATION_DATE\": {\"N\": \"1607712554000\"},\n  \"DURATION\": {\"N\": \"3600\"},\n  \"PLAY_COUNT\": {\"N\": \"0\"}\n}\n",
            "range_key": null,
            "table_name": "EPISODE"
          },
          "sensitive_attributes": [],
          "private": "bnVsbA==",
          "dependencies": [
            "data.external.oneMinFromNow",
            "data.external.threeMinsFromNow",
            "module.dynamodb_table.aws_dynamodb_table.episode",
            "module.dynamodb_table.aws_dynamodb_table.podcast",
            "module.dynamodb_table.aws_dynamodb_table.rss_schedule"
          ]
        }
      ]
    },
    {
      "module": "module.dynamodb_fixtures",
      "mode": "managed",
      "type": "aws_dynamodb_table_item",
      "name": "episode_two",
      "provider": "provider[\"registry.terraform.io/hashicorp/aws\"]",
      "instances": [
        {
          "schema_version": 0,
          "attributes": {
            "hash_key": "GUID",
            "id": "EPISODE|GUID||23456|",
            "item": "{\n  \"GUID\": {\"S\": \"23456\"},\n  \"TITLE\": {\"S\": \"The Mitch Who Stole Christmas\"},\n  \"AUTHOR\": {\"S\": \"Crooked Media\"},\n  \"PODCAST_ID\": {\"S\": \"23456\"},\n  \"PODCAST_TITLE\": {\"S\": \"Pod Save America\"},\n  \"DESCRIPTION\": {\"S\": \"Mitch McConnell blocks bipartisan pandemic relief to help his corporate pals, Joe Biden continues to staff up his Cabinet and White House, and Republicans run their 2020 playbook in Georgia. Then messaging expert Anat Shenker-Osorio talks to Jon about why Democrats need to stop selling the recipe and start selling the brownie. Learn more about your ad choices. Visit podcastchoices.com/adchoices\"},\n  \"AUDIO_URL\": {\"S\": \"https://traffic.megaphone.fm/DGT7555925469.mp3\"},\n  \"PUBLICATION_DATE\": {\"N\": \"1607626154000\"},\n  \"DURATION\": {\"N\": \"3600\"},\n  \"PLAY_COUNT\": {\"N\": \"0\"}\n}\n",
            "range_key": null,
            "table_name": "EPISODE"
          },
          "sensitive_attributes": [],
          "private": "bnVsbA==",
          "dependencies": [
            "data.external.oneMinFromNow",
            "data.external.threeMinsFromNow",
            "module.dynamodb_table.aws_dynamodb_table.episode",
            "module.dynamodb_table.aws_dynamodb_table.podcast",
            "module.dynamodb_table.aws_dynamodb_table.rss_schedule"
          ]
        }
      ]
    },
    {
      "module": "module.dynamodb_fixtures",
      "mode": "managed",
      "type": "aws_dynamodb_table_item",
      "name": "podcast_one",
      "provider": "provider[\"registry.terraform.io/hashicorp/aws\"]",
      "instances": [
        {
          "schema_version": 0,
          "attributes": {
            "hash_key": "GUID",
            "id": "PODCAST|GUID||12345|",
            "item": "{\n  \"GUID\": {\"S\": \"12345\"},\n  \"TITLE\": {\"S\": \"The Daily\"},\n  \"AUTHOR\": {\"S\": \"The New York Times\"},\n  \"DESCRIPTION\": {\"S\": \"The Daily Description\"},\n  \"IMAGE_URL\": {\"S\": \"https://is3-ssl.mzstatic.com/image/thumb/Podcasts114/v4/93/cf/99/93cf9960-fff3-205e-6655-72c03ddeccb2/mza_10545582232493904175.jpeg/600x600bb.jpg\"}\n}\n",
            "range_key": null,
            "table_name": "PODCAST"
          },
          "sensitive_attributes": [],
          "private": "bnVsbA==",
          "dependencies": [
            "data.external.oneMinFromNow",
            "data.external.threeMinsFromNow",
            "module.dynamodb_table.aws_dynamodb_table.episode",
            "module.dynamodb_table.aws_dynamodb_table.podcast",
            "module.dynamodb_table.aws_dynamodb_table.rss_schedule"
          ]
        }
      ]
    },
    {
      "module": "module.dynamodb_fixtures",
      "mode": "managed",
      "type": "aws_dynamodb_table_item",
      "name": "podcast_two",
      "provider": "provider[\"registry.terraform.io/hashicorp/aws\"]",
      "instances": [
        {
          "schema_version": 0,
          "attributes": {
            "hash_key": "GUID",
            "id": "PODCAST|GUID||23456|",
            "item": "{\n  \"GUID\": {\"S\": \"23456\"},\n  \"TITLE\": {\"S\": \"Pod Save America\"},\n  \"AUTHOR\": {\"S\": \"Crooked Media\"},\n  \"DESCRIPTION\": {\"S\": \"Crooked Media Description\"},\n  \"IMAGE_URL\": {\"S\": \"https://is3-ssl.mzstatic.com/image/thumb/Music118/v4/cc/96/de/cc96de50-f978-80f6-6be3-26d41369a10b/source/100x100bb.jpg\"}\n}\n",
            "range_key": null,
            "table_name": "PODCAST"
          },
          "sensitive_attributes": [],
          "private": "bnVsbA==",
          "dependencies": [
            "data.external.oneMinFromNow",
            "data.external.threeMinsFromNow",
            "module.dynamodb_table.aws_dynamodb_table.episode",
            "module.dynamodb_table.aws_dynamodb_table.podcast",
            "module.dynamodb_table.aws_dynamodb_table.rss_schedule"
          ]
        }
      ]
    },
    {
      "module": "module.dynamodb_fixtures",
      "mode": "managed",
      "type": "aws_dynamodb_table_item",
      "name": "rss_schedule_four",
      "provider": "provider[\"registry.terraform.io/hashicorp/aws\"]",
      "instances": [
        {
          "schema_version": 0,
          "attributes": {
            "hash_key": "GUID",
            "id": "RSS_SCHEDULE|GUID||45678|",
            "item": "{\n  \"GUID\": {\"S\": \"45678\"},\n  \"PODCAST_ID\": {\"S\": \"12345\"},\n  \"RSS_URL\": {\"S\": \"http://rss.art19.com/the-daily\"},\n  \"CRON\": {\"S\": \"*/5 * * * *\"},\n  \"NEXT_START\": {\"N\": \"1612093851\"}\n}\n",
            "range_key": null,
            "table_name": "RSS_SCHEDULE"
          },
          "sensitive_attributes": [],
          "private": "bnVsbA==",
          "dependencies": [
            "data.external.oneMinFromNow",
            "data.external.threeMinsFromNow",
            "module.dynamodb_table.aws_dynamodb_table.episode",
            "module.dynamodb_table.aws_dynamodb_table.podcast",
            "module.dynamodb_table.aws_dynamodb_table.rss_schedule"
          ]
        }
      ]
    },
    {
      "module": "module.dynamodb_fixtures",
      "mode": "managed",
      "type": "aws_dynamodb_table_item",
      "name": "rss_schedule_one",
      "provider": "provider[\"registry.terraform.io/hashicorp/aws\"]",
      "instances": [
        {
          "schema_version": 0,
          "attributes": {
            "hash_key": "GUID",
            "id": "RSS_SCHEDULE|GUID||12345|",
            "item": "{\n  \"GUID\": {\"S\": \"12345\"},\n  \"PODCAST_ID\": {\"S\": \"23456\"},\n  \"RSS_URL\": {\"S\": \"http://feeds.feedburner.com/pod-save-america\"},\n  \"CRON\": {\"S\": \"*/15 * * * *\"},\n  \"NEXT_START\": {\"N\": \"253402300799\"}\n}\n",
            "range_key": null,
            "table_name": "RSS_SCHEDULE"
          },
          "sensitive_attributes": [],
          "private": "bnVsbA==",
          "dependencies": [
            "data.external.oneMinFromNow",
            "data.external.threeMinsFromNow",
            "module.dynamodb_table.aws_dynamodb_table.episode",
            "module.dynamodb_table.aws_dynamodb_table.podcast",
            "module.dynamodb_table.aws_dynamodb_table.rss_schedule"
          ]
        }
      ]
    },
    {
      "module": "module.dynamodb_fixtures",
      "mode": "managed",
      "type": "aws_dynamodb_table_item",
      "name": "rss_schedule_three",
      "provider": "provider[\"registry.terraform.io/hashicorp/aws\"]",
      "instances": [
        {
          "schema_version": 0,
          "attributes": {
            "hash_key": "GUID",
            "id": "RSS_SCHEDULE|GUID||34567|",
            "item": "{\n  \"GUID\": {\"S\": \"34567\"},\n  \"PODCAST_ID\": {\"S\": \"12345\"},\n  \"RSS_URL\": {\"S\": \"http://rss.art19.com/the-daily\"},\n  \"CRON\": {\"S\": \"*/5 * * * *\"},\n  \"NEXT_START\": {\"N\": \"253402300799\"}\n}\n",
            "range_key": null,
            "table_name": "RSS_SCHEDULE"
          },
          "sensitive_attributes": [],
          "private": "bnVsbA==",
          "dependencies": [
            "data.external.oneMinFromNow",
            "data.external.threeMinsFromNow",
            "module.dynamodb_table.aws_dynamodb_table.episode",
            "module.dynamodb_table.aws_dynamodb_table.podcast",
            "module.dynamodb_table.aws_dynamodb_table.rss_schedule"
          ]
        }
      ]
    },
    {
      "module": "module.dynamodb_fixtures",
      "mode": "managed",
      "type": "aws_dynamodb_table_item",
      "name": "rss_schedule_two",
      "provider": "provider[\"registry.terraform.io/hashicorp/aws\"]",
      "instances": [
        {
          "schema_version": 0,
          "attributes": {
            "hash_key": "GUID",
            "id": "RSS_SCHEDULE|GUID||23456|",
            "item": "{\n  \"GUID\": {\"S\": \"23456\"},\n  \"PODCAST_ID\": {\"S\": \"23456\"},\n  \"RSS_URL\": {\"S\": \"http://feeds.feedburner.com/pod-save-america\"},\n  \"CRON\": {\"S\": \"*/15 * * * *\"},\n  \"NEXT_START\": {\"N\": \"1612093971\"}\n}\n",
            "range_key": null,
            "table_name": "RSS_SCHEDULE"
          },
          "sensitive_attributes": [],
          "private": "bnVsbA==",
          "dependencies": [
            "data.external.oneMinFromNow",
            "data.external.threeMinsFromNow",
            "module.dynamodb_table.aws_dynamodb_table.episode",
            "module.dynamodb_table.aws_dynamodb_table.podcast",
            "module.dynamodb_table.aws_dynamodb_table.rss_schedule"
          ]
        }
      ]
    },
    {
      "module": "module.dynamodb_table",
      "mode": "managed",
      "type": "aws_dynamodb_table",
      "name": "episode",
      "provider": "provider[\"registry.terraform.io/hashicorp/aws\"]",
      "instances": [
        {
          "schema_version": 1,
          "attributes": {
            "arn": "arn:aws:dynamodb:us-east-1:000000000000:table/EPISODE",
            "attribute": [
              {
                "name": "GUID",
                "type": "S"
              },
              {
                "name": "PODCAST_ID",
                "type": "S"
              },
              {
                "name": "PUBLICATION_DATE",
                "type": "N"
              }
            ],
            "billing_mode": "PROVISIONED",
            "global_secondary_index": [
              {
                "hash_key": "PODCAST_ID",
                "name": "PODCAST_ID",
                "non_key_attributes": [],
                "projection_type": "ALL",
                "range_key": "PUBLICATION_DATE",
                "read_capacity": 10,
                "write_capacity": 10
              }
            ],
            "hash_key": "GUID",
            "id": "EPISODE",
            "local_secondary_index": [],
            "name": "EPISODE",
            "point_in_time_recovery": [
              {
                "enabled": false
              }
            ],
            "range_key": null,
            "read_capacity": 10,
            "replica": [],
            "server_side_encryption": [],
            "stream_arn": "",
            "stream_enabled": false,
            "stream_label": "",
            "stream_view_type": "",
            "tags": null,
            "timeouts": null,
            "ttl": [
              {
                "attribute_name": "",
                "enabled": false
              }
            ],
            "write_capacity": 10
          },
          "sensitive_attributes": [],
          "private": "eyJlMmJmYjczMC1lY2FhLTExZTYtOGY4OC0zNDM2M2JjN2M0YzAiOnsiY3JlYXRlIjo2MDAwMDAwMDAwMDAsImRlbGV0ZSI6NjAwMDAwMDAwMDAwLCJ1cGRhdGUiOjM2MDAwMDAwMDAwMDB9LCJzY2hlbWFfdmVyc2lvbiI6IjEifQ=="
        }
      ]
    },
    {
      "module": "module.dynamodb_table",
      "mode": "managed",
      "type": "aws_dynamodb_table",
      "name": "podcast",
      "provider": "provider[\"registry.terraform.io/hashicorp/aws\"]",
      "instances": [
        {
          "schema_version": 1,
          "attributes": {
            "arn": "arn:aws:dynamodb:us-east-1:000000000000:table/PODCAST",
            "attribute": [
              {
                "name": "AUTHOR",
                "type": "S"
              },
              {
                "name": "GUID",
                "type": "S"
              },
              {
                "name": "TITLE",
                "type": "S"
              }
            ],
            "billing_mode": "PROVISIONED",
            "global_secondary_index": [
              {
                "hash_key": "AUTHOR",
                "name": "AUTHOR_TITLE",
                "non_key_attributes": [],
                "projection_type": "ALL",
                "range_key": "TITLE",
                "read_capacity": 10,
                "write_capacity": 10
              },
              {
                "hash_key": "TITLE",
                "name": "TITLE",
                "non_key_attributes": [],
                "projection_type": "ALL",
                "range_key": "",
                "read_capacity": 10,
                "write_capacity": 10
              }
            ],
            "hash_key": "GUID",
            "id": "PODCAST",
            "local_secondary_index": [],
            "name": "PODCAST",
            "point_in_time_recovery": [
              {
                "enabled": false
              }
            ],
            "range_key": null,
            "read_capacity": 10,
            "replica": [],
            "server_side_encryption": [],
            "stream_arn": "",
            "stream_enabled": false,
            "stream_label": "",
            "stream_view_type": "",
            "tags": null,
            "timeouts": null,
            "ttl": [
              {
                "attribute_name": "",
                "enabled": false
              }
            ],
            "write_capacity": 10
          },
          "sensitive_attributes": [],
          "private": "eyJlMmJmYjczMC1lY2FhLTExZTYtOGY4OC0zNDM2M2JjN2M0YzAiOnsiY3JlYXRlIjo2MDAwMDAwMDAwMDAsImRlbGV0ZSI6NjAwMDAwMDAwMDAwLCJ1cGRhdGUiOjM2MDAwMDAwMDAwMDB9LCJzY2hlbWFfdmVyc2lvbiI6IjEifQ=="
        }
      ]
    },
    {
      "module": "module.dynamodb_table",
      "mode": "managed",
      "type": "aws_dynamodb_table",
      "name": "rss_schedule",
      "provider": "provider[\"registry.terraform.io/hashicorp/aws\"]",
      "instances": [
        {
          "schema_version": 1,
          "attributes": {
            "arn": "arn:aws:dynamodb:us-east-1:000000000000:table/RSS_SCHEDULE",
            "attribute": [
              {
                "name": "GUID",
                "type": "S"
              },
              {
                "name": "NEXT_START",
                "type": "N"
              },
              {
                "name": "PODCAST_ID",
                "type": "S"
              },
              {
                "name": "RSS_URL",
                "type": "S"
              }
            ],
            "billing_mode": "PROVISIONED",
            "global_secondary_index": [
              {
                "hash_key": "PODCAST_ID",
                "name": "PODCAST_ID",
                "non_key_attributes": [],
                "projection_type": "ALL",
                "range_key": "NEXT_START",
                "read_capacity": 10,
                "write_capacity": 10
              },
              {
                "hash_key": "RSS_URL",
                "name": "RSS_URL",
                "non_key_attributes": [],
                "projection_type": "ALL",
                "range_key": "NEXT_START",
                "read_capacity": 10,
                "write_capacity": 10
              }
            ],
            "hash_key": "GUID",
            "id": "RSS_SCHEDULE",
            "local_secondary_index": [],
            "name": "RSS_SCHEDULE",
            "point_in_time_recovery": [
              {
                "enabled": false
              }
            ],
            "range_key": null,
            "read_capacity": 10,
            "replica": [],
            "server_side_encryption": [],
            "stream_arn": "arn:aws:dynamodb:us-east-1:000000000000:table/RSS_SCHEDULE/stream/2021-01-31T11:49:53.202",
            "stream_enabled": true,
            "stream_label": "2021-01-31T11:49:53.202",
            "stream_view_type": "OLD_IMAGE",
            "tags": null,
            "timeouts": null,
            "ttl": [
              {
                "attribute_name": "NEXT_START",
                "enabled": true
              }
            ],
            "write_capacity": 10
          },
          "sensitive_attributes": [],
          "private": "eyJlMmJmYjczMC1lY2FhLTExZTYtOGY4OC0zNDM2M2JjN2M0YzAiOnsiY3JlYXRlIjo2MDAwMDAwMDAwMDAsImRlbGV0ZSI6NjAwMDAwMDAwMDAwLCJ1cGRhdGUiOjM2MDAwMDAwMDAwMDB9LCJzY2hlbWFfdmVyc2lvbiI6IjEifQ=="
        }
      ]
    }
  ]
}
